
Microsoft Visual Studio Solution File, Format Version 12.00
# Visual Studio Version 17
VisualStudioVersion = 17.5.33516.290
MinimumVisualStudioVersion = 10.0.40219.1
Project("{FAE04EC0-301F-11D3-BF4B-00C04F79EFBC}") = "ValorantWallpaper", "ValorantWallpaper\ValorantWallpaper.csproj", "{A30915EA-7322-4F05-B71F-FCBFE1E4CD5E}"
EndProject
Global
	GlobalSection(SolutionConfigurationPlatforms) = preSolution
		Debug|Any CPU = Debug|Any CPU
		Release|Any CPU = Release|Any CPU
	EndGlobalSection
	GlobalSection(ProjectConfigurationPlatforms) = postSolution
		{A30915EA-7322-4F05-B71F-FCBFE1E4CD5E}.Debug|Any CPU.ActiveCfg = Debug|Any CPU
		{A30915EA-7322-4F05-B71F-FCBFE1E4CD5E}.Debug|Any CPU.Build.0 = Debug|Any CPU
		{A30915EA-7322-4F05-B71F-FCBFE1E4CD5E}.Release|Any CPU.ActiveCfg = Release|Any CPU
		{A30915EA-7322-4F05-B71F-FCBFE1E4CD5E}.Release|Any CPU.Build.0 = Release|Any CPU
	EndGlobalSection
	GlobalSection(SolutionProperties) = preSolution
		HideSolutionNode = FALSE
	EndGlobalSection
	GlobalSection(ExtensibilityGlobals) = postSolution
		SolutionGuid = {4A984670-CF16-49DD-BB22-AA339AF5B517}
	EndGlobalSection
EndGlobal
